
Microsoft Visual Studio Solution File, Format Version 12.00
# Visual Studio 2015
Project("{FAE04EC0-301F-11D3-BF4B-00C04F79EFBC}") = "HackProtoOne.CSharp", "HackProtoOne.CSharp.csproj", "{C504C641-6322-63CE-0934-AA57C4F62206}"
EndProject
Project("{FAE04EC0-301F-11D3-BF4B-00C04F79EFBC}") = "HackProtoOne.CSharp.Editor", "HackProtoOne.CSharp.Editor.csproj", "{2C781FE0-4DBA-D6C8-FF84-EA72F02083DC}"
EndProject
Global
	GlobalSection(SolutionConfigurationPlatforms) = preSolution
		Debug|Any CPU = Debug|Any CPU
		Release|Any CPU = Release|Any CPU
	EndGlobalSection
	GlobalSection(ProjectConfigurationPlatforms) = postSolution
		{C504C641-6322-63CE-0934-AA57C4F62206}.Debug|Any CPU.ActiveCfg = Debug|Any CPU
		{C504C641-6322-63CE-0934-AA57C4F62206}.Debug|Any CPU.Build.0 = Debug|Any CPU
		{C504C641-6322-63CE-0934-AA57C4F62206}.Release|Any CPU.ActiveCfg = Release|Any CPU
		{C504C641-6322-63CE-0934-AA57C4F62206}.Release|Any CPU.Build.0 = Release|Any CPU
		{2C781FE0-4DBA-D6C8-FF84-EA72F02083DC}.Debug|Any CPU.ActiveCfg = Debug|Any CPU
		{2C781FE0-4DBA-D6C8-FF84-EA72F02083DC}.Debug|Any CPU.Build.0 = Debug|Any CPU
		{2C781FE0-4DBA-D6C8-FF84-EA72F02083DC}.Release|Any CPU.ActiveCfg = Release|Any CPU
		{2C781FE0-4DBA-D6C8-FF84-EA72F02083DC}.Release|Any CPU.Build.0 = Release|Any CPU
	EndGlobalSection
	GlobalSection(SolutionProperties) = preSolution
		HideSolutionNode = FALSE
	EndGlobalSection
EndGlobal
